// !$*UTF8*$!
{
	archiveVersion = 1;
	classes = {
	};
	objectVersion = 46;
	objects = {

/* Begin PBXBuildFile section */
		3CE7F8AC1A992B7900B9E79B /* AppDelegate.swift in Sources */ = {isa = PBXBuildFile; fileRef = 3CE7F8AB1A992B7900B9E79B /* AppDelegate.swift */; };
		3CE7F8AE1A992B7900B9E79B /* ViewController.swift in Sources */ = {isa = PBXBuildFile; fileRef = 3CE7F8AD1A992B7900B9E79B /* ViewController.swift */; };
		3CE7F8B11A992B7900B9E79B /* Main.storyboard in Resources */ = {isa = PBXBuildFile; fileRef = 3CE7F8AF1A992B7900B9E79B /* Main.storyboard */; };
		3CE7F8B31A992B7900B9E79B /* Images.xcassets in Resources */ = {isa = PBXBuildFile; fileRef = 3CE7F8B21A992B7900B9E79B /* Images.xcassets */; };
		3CE7F8B61A992B7900B9E79B /* LaunchScreen.xib in Resources */ = {isa = PBXBuildFile; fileRef = 3CE7F8B41A992B7900B9E79B /* LaunchScreen.xib */; };
		3CE7F8C21A992B7900B9E79B /* ReactSwiftTests.swift in Sources */ = {isa = PBXBuildFile; fileRef = 3CE7F8C11A992B7900B9E79B /* ReactSwiftTests.swift */; };
		3CE7F8CC1A992BA300B9E79B /* CounterApp.swift in Sources */ = {isa = PBXBuildFile; fileRef = 3CE7F8CB1A992BA300B9E79B /* CounterApp.swift */; };
		3CE7F8CF1A992BCE00B9E79B /* ReactView.swift in Sources */ = {isa = PBXBuildFile; fileRef = 3CE7F8CE1A992BCE00B9E79B /* ReactView.swift */; };
		3CE7F8D11A992C5C00B9E79B /* ReactViewRenderer.swift in Sources */ = {isa = PBXBuildFile; fileRef = 3CE7F8D01A992C5C00B9E79B /* ReactViewRenderer.swift */; };
		3CE7F8D31A992C6A00B9E79B /* ReactComponent.swift in Sources */ = {isa = PBXBuildFile; fileRef = 3CE7F8D21A992C6A00B9E79B /* ReactComponent.swift */; };
		3CE7F8D51A9A4BD700B9E79B /* UIButton+Events.swift in Sources */ = {isa = PBXBuildFile; fileRef = 3CE7F8D41A9A4BD700B9E79B /* UIButton+Events.swift */; };
		3CE7F8D71A9A4C1B00B9E79B /* Event.swift in Sources */ = {isa = PBXBuildFile; fileRef = 3CE7F8D61A9A4C1B00B9E79B /* Event.swift */; };
		3CE7F8DA1A9A548D00B9E79B /* QuartzCore.framework in Frameworks */ = {isa = PBXBuildFile; fileRef = 3CE7F8D91A9A548D00B9E79B /* QuartzCore.framework */; };
/* End PBXBuildFile section */

/* Begin PBXContainerItemProxy section */
		3CE7F8BC1A992B7900B9E79B /* PBXContainerItemProxy */ = {
			isa = PBXContainerItemProxy;
			containerPortal = 3CE7F89E1A992B7900B9E79B /* Project object */;
			proxyType = 1;
			remoteGlobalIDString = 3CE7F8A51A992B7900B9E79B;
			remoteInfo = ReactSwift;
		};
/* End PBXContainerItemProxy section */

/* Begin PBXFileReference section */
		3CE7F8A61A992B7900B9E79B /* ReactSwift.app */ = {isa = PBXFileReference; explicitFileType = wrapper.application; includeInIndex = 0; path = ReactSwift.app; sourceTree = BUILT_PRODUCTS_DIR; };
		3CE7F8AA1A992B7900B9E79B /* Info.plist */ = {isa = PBXFileReference; lastKnownFileType = text.plist.xml; path = Info.plist; sourceTree = "<group>"; };
		3CE7F8AB1A992B7900B9E79B /* AppDelegate.swift */ = {isa = PBXFileReference; lastKnownFileType = sourcecode.swift; path = AppDelegate.swift; sourceTree = "<group>"; };
		3CE7F8AD1A992B7900B9E79B /* ViewController.swift */ = {isa = PBXFileReference; lastKnownFileType = sourcecode.swift; path = ViewController.swift; sourceTree = "<group>"; };
		3CE7F8B01A992B7900B9E79B /* Base */ = {isa = PBXFileReference; lastKnownFileType = file.storyboard; name = Base; path = Base.lproj/Main.storyboard; sourceTree = "<group>"; };
		3CE7F8B21A992B7900B9E79B /* Images.xcassets */ = {isa = PBXFileReference; lastKnownFileType = folder.assetcatalog; path = Images.xcassets; sourceTree = "<group>"; };
		3CE7F8B51A992B7900B9E79B /* Base */ = {isa = PBXFileReference; lastKnownFileType = file.xib; name = Base; path = Base.lproj/LaunchScreen.xib; sourceTree = "<group>"; };
		3CE7F8BB1A992B7900B9E79B /* ReactSwiftTests.xctest */ = {isa = PBXFileReference; explicitFileType = wrapper.cfbundle; includeInIndex = 0; path = ReactSwiftTests.xctest; sourceTree = BUILT_PRODUCTS_DIR; };
		3CE7F8C01A992B7900B9E79B /* Info.plist */ = {isa = PBXFileReference; lastKnownFileType = text.plist.xml; path = Info.plist; sourceTree = "<group>"; };
		3CE7F8C11A992B7900B9E79B /* ReactSwiftTests.swift */ = {isa = PBXFileReference; lastKnownFileType = sourcecode.swift; path = ReactSwiftTests.swift; sourceTree = "<group>"; };
		3CE7F8CB1A992BA300B9E79B /* CounterApp.swift */ = {isa = PBXFileReference; fileEncoding = 4; lastKnownFileType = sourcecode.swift; path = CounterApp.swift; sourceTree = "<group>"; };
		3CE7F8CE1A992BCE00B9E79B /* ReactView.swift */ = {isa = PBXFileReference; fileEncoding = 4; lastKnownFileType = sourcecode.swift; path = ReactView.swift; sourceTree = "<group>"; };
		3CE7F8D01A992C5C00B9E79B /* ReactViewRenderer.swift */ = {isa = PBXFileReference; fileEncoding = 4; lastKnownFileType = sourcecode.swift; path = ReactViewRenderer.swift; sourceTree = "<group>"; };
		3CE7F8D21A992C6A00B9E79B /* ReactComponent.swift */ = {isa = PBXFileReference; fileEncoding = 4; lastKnownFileType = sourcecode.swift; path = ReactComponent.swift; sourceTree = "<group>"; };
		3CE7F8D41A9A4BD700B9E79B /* UIButton+Events.swift */ = {isa = PBXFileReference; fileEncoding = 4; lastKnownFileType = sourcecode.swift; path = "UIButton+Events.swift"; sourceTree = "<group>"; };
		3CE7F8D61A9A4C1B00B9E79B /* Event.swift */ = {isa = PBXFileReference; fileEncoding = 4; lastKnownFileType = sourcecode.swift; path = Event.swift; sourceTree = "<group>"; };
		3CE7F8D91A9A548D00B9E79B /* QuartzCore.framework */ = {isa = PBXFileReference; lastKnownFileType = wrapper.framework; name = QuartzCore.framework; path = System/Library/Frameworks/QuartzCore.framework; sourceTree = SDKROOT; };
/* End PBXFileReference section */

/* Begin PBXFrameworksBuildPhase section */
		3CE7F8A31A992B7900B9E79B /* Frameworks */ = {
			isa = PBXFrameworksBuildPhase;
			buildActionMask = 2147483647;
			files = (
				3CE7F8DA1A9A548D00B9E79B /* QuartzCore.framework in Frameworks */,
			);
			runOnlyForDeploymentPostprocessing = 0;
		};
		3CE7F8B81A992B7900B9E79B /* Frameworks */ = {
			isa = PBXFrameworksBuildPhase;
			buildActionMask = 2147483647;
			files = (
			);
			runOnlyForDeploymentPostprocessing = 0;
		};
/* End PBXFrameworksBuildPhase section */

/* Begin PBXGroup section */
		3CE7F89D1A992B7900B9E79B = {
			isa = PBXGroup;
			children = (
				3CE7F8D91A9A548D00B9E79B /* QuartzCore.framework */,
				3CE7F8A81A992B7900B9E79B /* ReactSwift */,
				3CE7F8BE1A992B7900B9E79B /* ReactSwiftTests */,
				3CE7F8A71A992B7900B9E79B /* Products */,
			);
			sourceTree = "<group>";
		};
		3CE7F8A71A992B7900B9E79B /* Products */ = {
			isa = PBXGroup;
			children = (
				3CE7F8A61A992B7900B9E79B /* ReactSwift.app */,
				3CE7F8BB1A992B7900B9E79B /* ReactSwiftTests.xctest */,
			);
			name = Products;
			sourceTree = "<group>";
		};
		3CE7F8A81A992B7900B9E79B /* ReactSwift */ = {
			isa = PBXGroup;
			children = (
				3CE7F8CD1A992BB700B9E79B /* Framework */,
				3CE7F8AB1A992B7900B9E79B /* AppDelegate.swift */,
				3CE7F8AD1A992B7900B9E79B /* ViewController.swift */,
				3CE7F8AF1A992B7900B9E79B /* Main.storyboard */,
				3CE7F8B21A992B7900B9E79B /* Images.xcassets */,
				3CE7F8B41A992B7900B9E79B /* LaunchScreen.xib */,
				3CE7F8A91A992B7900B9E79B /* Supporting Files */,
				3CE7F8CB1A992BA300B9E79B /* CounterApp.swift */,
			);
			path = ReactSwift;
			sourceTree = "<group>";
		};
		3CE7F8A91A992B7900B9E79B /* Supporting Files */ = {
			isa = PBXGroup;
			children = (
				3CE7F8AA1A992B7900B9E79B /* Info.plist */,
			);
			name = "Supporting Files";
			sourceTree = "<group>";
		};
		3CE7F8BE1A992B7900B9E79B /* ReactSwiftTests */ = {
			isa = PBXGroup;
			children = (
				3CE7F8C11A992B7900B9E79B /* ReactSwiftTests.swift */,
				3CE7F8BF1A992B7900B9E79B /* Supporting Files */,
			);
			path = ReactSwiftTests;
			sourceTree = "<group>";
		};
		3CE7F8BF1A992B7900B9E79B /* Supporting Files */ = {
			isa = PBXGroup;
			children = (
				3CE7F8C01A992B7900B9E79B /* Info.plist */,
			);
			name = "Supporting Files";
			sourceTree = "<group>";
		};
		3CE7F8CD1A992BB700B9E79B /* Framework */ = {
			isa = PBXGroup;
			children = (
				3CE7F8CE1A992BCE00B9E79B /* ReactView.swift */,
				3CE7F8D01A992C5C00B9E79B /* ReactViewRenderer.swift */,
				3CE7F8D21A992C6A00B9E79B /* ReactComponent.swift */,
				3CE7F8D41A9A4BD700B9E79B /* UIButton+Events.swift */,
				3CE7F8D61A9A4C1B00B9E79B /* Event.swift */,
			);
			name = Framework;
			sourceTree = "<group>";
		};
/* End PBXGroup section */

/* Begin PBXNativeTarget section */
		3CE7F8A51A992B7900B9E79B /* ReactSwift */ = {
			isa = PBXNativeTarget;
			buildConfigurationList = 3CE7F8C51A992B7900B9E79B /* Build configuration list for PBXNativeTarget "ReactSwift" */;
			buildPhases = (
				3CE7F8A21A992B7900B9E79B /* Sources */,
				3CE7F8A31A992B7900B9E79B /* Frameworks */,
				3CE7F8A41A992B7900B9E79B /* Resources */,
			);
			buildRules = (
			);
			dependencies = (
			);
			name = ReactSwift;
			productName = ReactSwift;
			productReference = 3CE7F8A61A992B7900B9E79B /* ReactSwift.app */;
			productType = "com.apple.product-type.application";
		};
		3CE7F8BA1A992B7900B9E79B /* ReactSwiftTests */ = {
			isa = PBXNativeTarget;
			buildConfigurationList = 3CE7F8C81A992B7900B9E79B /* Build configuration list for PBXNativeTarget "ReactSwiftTests" */;
			buildPhases = (
				3CE7F8B71A992B7900B9E79B /* Sources */,
				3CE7F8B81A992B7900B9E79B /* Frameworks */,
				3CE7F8B91A992B7900B9E79B /* Resources */,
			);
			buildRules = (
			);
			dependencies = (
				3CE7F8BD1A992B7900B9E79B /* PBXTargetDependency */,
			);
			name = ReactSwiftTests;
			productName = ReactSwiftTests;
			productReference = 3CE7F8BB1A992B7900B9E79B /* ReactSwiftTests.xctest */;
			productType = "com.apple.product-type.bundle.unit-test";
		};
/* End PBXNativeTarget section */

/* Begin PBXProject section */
		3CE7F89E1A992B7900B9E79B /* Project object */ = {
			isa = PBXProject;
			attributes = {
				LastUpgradeCheck = 0610;
				ORGANIZATIONNAME = "Colin Eberhardt";
				TargetAttributes = {
					3CE7F8A51A992B7900B9E79B = {
						CreatedOnToolsVersion = 6.1;
					};
					3CE7F8BA1A992B7900B9E79B = {
						CreatedOnToolsVersion = 6.1;
						TestTargetID = 3CE7F8A51A992B7900B9E79B;
					};
				};
			};
			buildConfigurationList = 3CE7F8A11A992B7900B9E79B /* Build configuration list for PBXProject "ReactSwift" */;
			compatibilityVersion = "Xcode 3.2";
			developmentRegion = English;
			hasScannedForEncodings = 0;
			knownRegions = (
				en,
				Base,
			);
			mainGroup = 3CE7F89D1A992B7900B9E79B;
			productRefGroup = 3CE7F8A71A992B7900B9E79B /* Products */;
			projectDirPath = "";
			projectRoot = "";
			targets = (
				3CE7F8A51A992B7900B9E79B /* ReactSwift */,
				3CE7F8BA1A992B7900B9E79B /* ReactSwiftTests */,
			);
		};
/* End PBXProject section */

/* Begin PBXResourcesBuildPhase section */
		3CE7F8A41A992B7900B9E79B /* Resources */ = {
			isa = PBXResourcesBuildPhase;
			buildActionMask = 2147483647;
			files = (
				3CE7F8B11A992B7900B9E79B /* Main.storyboard in Resources */,
				3CE7F8B61A992B7900B9E79B /* LaunchScreen.xib in Resources */,
				3CE7F8B31A992B7900B9E79B /* Images.xcassets in Resources */,
			);
			runOnlyForDeploymentPostprocessing = 0;
		};
		3CE7F8B91A992B7900B9E79B /* Resources */ = {
			isa = PBXResourcesBuildPhase;
			buildActionMask = 2147483647;
			files = (
			);
			runOnlyForDeploymentPostprocessing = 0;
		};
/* End PBXResourcesBuildPhase section */

/* Begin PBXSourcesBuildPhase section */
		3CE7F8A21A992B7900B9E79B /* Sources */ = {
			isa = PBXSourcesBuildPhase;
			buildActionMask = 2147483647;
			files = (
				3CE7F8D71A9A4C1B00B9E79B /* Event.swift in Sources */,
				3CE7F8CF1A992BCE00B9E79B /* ReactView.swift in Sources */,
				3CE7F8D31A992C6A00B9E79B /* ReactComponent.swift in Sources */,
				3CE7F8CC1A992BA300B9E79B /* CounterApp.swift in Sources */,
				3CE7F8AE1A992B7900B9E79B /* ViewController.swift in Sources */,
				3CE7F8D51A9A4BD700B9E79B /* UIButton+Events.swift in Sources */,
				3CE7F8D11A992C5C00B9E79B /* ReactViewRenderer.swift in Sources */,
				3CE7F8AC1A992B7900B9E79B /* AppDelegate.swift in Sources */,
			);
			runOnlyForDeploymentPostprocessing = 0;
		};
		3CE7F8B71A992B7900B9E79B /* Sources */ = {
			isa = PBXSourcesBuildPhase;
			buildActionMask = 2147483647;
			files = (
				3CE7F8C21A992B7900B9E79B /* ReactSwiftTests.swift in Sources */,
			);
			runOnlyForDeploymentPostprocessing = 0;
		};
/* End PBXSourcesBuildPhase section */

/* Begin PBXTargetDependency section */
		3CE7F8BD1A992B7900B9E79B /* PBXTargetDependency */ = {
			isa = PBXTargetDependency;
			target = 3CE7F8A51A992B7900B9E79B /* ReactSwift */;
			targetProxy = 3CE7F8BC1A992B7900B9E79B /* PBXContainerItemProxy */;
		};
/* End PBXTargetDependency section */

/* Begin PBXVariantGroup section */
		3CE7F8AF1A992B7900B9E79B /* Main.storyboard */ = {
			isa = PBXVariantGroup;
			children = (
				3CE7F8B01A992B7900B9E79B /* Base */,
			);
			name = Main.storyboard;
			sourceTree = "<group>";
		};
		3CE7F8B41A992B7900B9E79B /* LaunchScreen.xib */ = {
			isa = PBXVariantGroup;
			children = (
				3CE7F8B51A992B7900B9E79B /* Base */,
			);
			name = LaunchScreen.xib;
			sourceTree = "<group>";
		};
/* End PBXVariantGroup section */

/* Begin XCBuildConfiguration section */
		3CE7F8C31A992B7900B9E79B /* Debug */ = {
			isa = XCBuildConfiguration;
			buildSettings = {
				ALWAYS_SEARCH_USER_PATHS = NO;
				CLANG_CXX_LANGUAGE_STANDARD = "gnu++0x";
				CLANG_CXX_LIBRARY = "libc++";
				CLANG_ENABLE_MODULES = YES;
				CLANG_ENABLE_OBJC_ARC = YES;
				CLANG_WARN_BOOL_CONVERSION = YES;
				CLANG_WARN_CONSTANT_CONVERSION = YES;
				CLANG_WARN_DIRECT_OBJC_ISA_USAGE = YES_ERROR;
				CLANG_WARN_EMPTY_BODY = YES;
				CLANG_WARN_ENUM_CONVERSION = YES;
				CLANG_WARN_INT_CONVERSION = YES;
				CLANG_WARN_OBJC_ROOT_CLASS = YES_ERROR;
				CLANG_WARN_UNREACHABLE_CODE = YES;
				CLANG_WARN__DUPLICATE_METHOD_MATCH = YES;
				"CODE_SIGN_IDENTITY[sdk=iphoneos*]" = "iPhone Developer";
				COPY_PHASE_STRIP = NO;
				ENABLE_STRICT_OBJC_MSGSEND = YES;
				GCC_C_LANGUAGE_STANDARD = gnu99;
				GCC_DYNAMIC_NO_PIC = NO;
				GCC_OPTIMIZATION_LEVEL = 0;
				GCC_PREPROCESSOR_DEFINITIONS = (
					"DEBUG=1",
					"$(inherited)",
				);
				GCC_SYMBOLS_PRIVATE_EXTERN = NO;
				GCC_WARN_64_TO_32_BIT_CONVERSION = YES;
				GCC_WARN_ABOUT_RETURN_TYPE = YES_ERROR;
				GCC_WARN_UNDECLARED_SELECTOR = YES;
				GCC_WARN_UNINITIALIZED_AUTOS = YES_AGGRESSIVE;
				GCC_WARN_UNUSED_FUNCTION = YES;
				GCC_WARN_UNUSED_VARIABLE = YES;
				IPHONEOS_DEPLOYMENT_TARGET = 8.1;
				MTL_ENABLE_DEBUG_INFO = YES;
				ONLY_ACTIVE_ARCH = YES;
				SDKROOT = iphoneos;
				SWIFT_OPTIMIZATION_LEVEL = "-Onone";
			};
			name = Debug;
		};
		3CE7F8C41A992B7900B9E79B /* Release */ = {
			isa = XCBuildConfiguration;
			buildSettings = {
				ALWAYS_SEARCH_USER_PATHS = NO;
				CLANG_CXX_LANGUAGE_STANDARD = "gnu++0x";
				CLANG_CXX_LIBRARY = "libc++";
				CLANG_ENABLE_MODULES = YES;
				CLANG_ENABLE_OBJC_ARC = YES;
				CLANG_WARN_BOOL_CONVERSION = YES;
				CLANG_WARN_CONSTANT_CONVERSION = YES;
				CLANG_WARN_DIRECT_OBJC_ISA_USAGE = YES_ERROR;
				CLANG_WARN_EMPTY_BODY = YES;
				CLANG_WARN_ENUM_CONVERSION = YES;
				CLANG_WARN_INT_CONVERSION = YES;
				CLANG_WARN_OBJC_ROOT_CLASS = YES_ERROR;
				CLANG_WARN_UNREACHABLE_CODE = YES;
				CLANG_WARN__DUPLICATE_METHOD_MATCH = YES;
				"CODE_SIGN_IDENTITY[sdk=iphoneos*]" = "iPhone Developer";
				COPY_PHASE_STRIP = YES;
				ENABLE_NS_ASSERTIONS = NO;
				ENABLE_STRICT_OBJC_MSGSEND = YES;
				GCC_C_LANGUAGE_STANDARD = gnu99;
				GCC_WARN_64_TO_32_BIT_CONVERSION = YES;
				GCC_WARN_ABOUT_RETURN_TYPE = YES_ERROR;
				GCC_WARN_UNDECLARED_SELECTOR = YES;
				GCC_WARN_UNINITIALIZED_AUTOS = YES_AGGRESSIVE;
				GCC_WARN_UNUSED_FUNCTION = YES;
				GCC_WARN_UNUSED_VARIABLE = YES;
				IPHONEOS_DEPLOYMENT_TARGET = 8.1;
				MTL_ENABLE_DEBUG_INFO = NO;
				SDKROOT = iphoneos;
				VALIDATE_PRODUCT = YES;
			};
			name = Release;
		};
		3CE7F8C61A992B7900B9E79B /* Debug */ = {
			isa = XCBuildConfiguration;
			buildSettings = {
				ASSETCATALOG_COMPILER_APPICON_NAME = AppIcon;
				INFOPLIST_FILE = ReactSwift/Info.plist;
				LD_RUNPATH_SEARCH_PATHS = "$(inherited) @executable_path/Frameworks";
				PRODUCT_NAME = "$(TARGET_NAME)";
			};
			name = Debug;
		};
		3CE7F8C71A992B7900B9E79B /* Release */ = {
			isa = XCBuildConfiguration;
			buildSettings = {
				ASSETCATALOG_COMPILER_APPICON_NAME = AppIcon;
				INFOPLIST_FILE = ReactSwift/Info.plist;
				LD_RUNPATH_SEARCH_PATHS = "$(inherited) @executable_path/Frameworks";
				PRODUCT_NAME = "$(TARGET_NAME)";
			};
			name = Release;
		};
		3CE7F8C91A992B7900B9E79B /* Debug */ = {
			isa = XCBuildConfiguration;
			buildSettings = {
				BUNDLE_LOADER = "$(TEST_HOST)";
				FRAMEWORK_SEARCH_PATHS = (
					"$(SDKROOT)/Developer/Library/Frameworks",
					"$(inherited)",
				);
				GCC_PREPROCESSOR_DEFINITIONS = (
					"DEBUG=1",
					"$(inherited)",
				);
				INFOPLIST_FILE = ReactSwiftTests/Info.plist;
				LD_RUNPATH_SEARCH_PATHS = "$(inherited) @executable_path/Frameworks @loader_path/Frameworks";
				PRODUCT_NAME = "$(TARGET_NAME)";
				TEST_HOST = "$(BUILT_PRODUCTS_DIR)/ReactSwift.app/ReactSwift";
			};
			name = Debug;
		};
		3CE7F8CA1A992B7900B9E79B /* Release */ = {
			isa = XCBuildConfiguration;
			buildSettings = {
				BUNDLE_LOADER = "$(TEST_HOST)";
				FRAMEWORK_SEARCH_PATHS = (
					"$(SDKROOT)/Developer/Library/Frameworks",
					"$(inherited)",
				);
				INFOPLIST_FILE = ReactSwiftTests/Info.plist;
				LD_RUNPATH_SEARCH_PATHS = "$(inherited) @executable_path/Frameworks @loader_path/Frameworks";
				PRODUCT_NAME = "$(TARGET_NAME)";
				TEST_HOST = "$(BUILT_PRODUCTS_DIR)/ReactSwift.app/ReactSwift";
			};
			name = Release;
		};
/* End XCBuildConfiguration section */

/* Begin XCConfigurationList section */
		3CE7F8A11A992B7900B9E79B /* Build configuration list for PBXProject "ReactSwift" */ = {
			isa = XCConfigurationList;
			buildConfigurations = (
				3CE7F8C31A992B7900B9E79B /* Debug */,
				3CE7F8C41A992B7900B9E79B /* Release */,
			);
			defaultConfigurationIsVisible = 0;
			defaultConfigurationName = Release;
		};
		3CE7F8C51A992B7900B9E79B /* Build configuration list for PBXNativeTarget "ReactSwift" */ = {
			isa = XCConfigurationList;
			buildConfigurations = (
				3CE7F8C61A992B7900B9E79B /* Debug */,
				3CE7F8C71A992B7900B9E79B /* Release */,
			);
			defaultConfigurationIsVisible = 0;
			defaultConfigurationName = Release;
		};
		3CE7F8C81A992B7900B9E79B /* Build configuration list for PBXNativeTarget "ReactSwiftTests" */ = {
			isa = XCConfigurationList;
			buildConfigurations = (
				3CE7F8C91A992B7900B9E79B /* Debug */,
				3CE7F8CA1A992B7900B9E79B /* Release */,
			);
			defaultConfigurationIsVisible = 0;
			defaultConfigurationName = Release;
		};
/* End XCConfigurationList section */
	};
	rootObject = 3CE7F89E1A992B7900B9E79B /* Project object */;
}
